{
    "_meta": {
        "hash": {
            "sha256": "82aba027cdc03e70388747cb451d75fbc57b9c285e06f70f0eba80a016dca1eb"
        },
        "pipfile-spec": 6,
        "requires": {
            "python_version": "3.7"
        },
        "sources": [
            {
                "name": "pypi",
                "url": "https://pypi.org/simple",
                "verify_ssl": true
            }
        ]
    },
    "default": {
        "cmsplugin-slick-gallery": {
            "path": "."
        }
    },
    "develop": {}
}
